# THIS IS AN AUTOGENERATED FILE. DO NOT EDIT THIS FILE DIRECTLY.
# yarn lockfile v1


react-hook-form@^7.41.1:
  version "7.41.1"
  resolved "https://registry.yarnpkg.com/react-hook-form/-/react-hook-form-7.41.1.tgz#0e25e231550d477c5774b7f5a4ff800485281e6a"
  integrity sha512-IHUozfwuqE+P201KIJwotMd+UCKqzIprseR8UUjz1jRupkZeubg0xyeMLIaT192zHv7vBBu9bibpNV5cIB4E9g==
